
Microsoft Visual Studio Solution File, Format Version 12.00
# Visual Studio Version 17
VisualStudioVersion = 17.7.34024.191
MinimumVisualStudioVersion = 10.0.40219.1
Project("{FAE04EC0-301F-11D3-BF4B-00C04F79EFBC}") = "NEA Matrix Tester", "NEA Matrix Tester\NEA Matrix Tester.csproj", "{5B5455DD-2D90-430F-A757-AA6B136CA5D3}"
EndProject
Global
	GlobalSection(SolutionConfigurationPlatforms) = preSolution
		Debug|Any CPU = Debug|Any CPU
		Release|Any CPU = Release|Any CPU
	EndGlobalSection
	GlobalSection(ProjectConfigurationPlatforms) = postSolution
		{5B5455DD-2D90-430F-A757-AA6B136CA5D3}.Debug|Any CPU.ActiveCfg = Debug|Any CPU
		{5B5455DD-2D90-430F-A757-AA6B136CA5D3}.Debug|Any CPU.Build.0 = Debug|Any CPU
		{5B5455DD-2D90-430F-A757-AA6B136CA5D3}.Release|Any CPU.ActiveCfg = Release|Any CPU
		{5B5455DD-2D90-430F-A757-AA6B136CA5D3}.Release|Any CPU.Build.0 = Release|Any CPU
	EndGlobalSection
	GlobalSection(SolutionProperties) = preSolution
		HideSolutionNode = FALSE
	EndGlobalSection
	GlobalSection(ExtensibilityGlobals) = postSolution
		SolutionGuid = {45881BE2-A2D4-42CF-877E-D22A0A7B266B}
	EndGlobalSection
EndGlobal
